
Microsoft Visual Studio Solution File, Format Version 12.00
# Visual Studio Version 16
VisualStudioVersion = 16.0.28407.52
MinimumVisualStudioVersion = 10.0.40219.1
Project("{2150E333-8FDC-42A3-9474-1A3956D46DE8}") = "samples", "samples", "{6E7F454E-7815-4FAA-AF68-BBB2B0B9E782}"
EndProject
Project("{2150E333-8FDC-42A3-9474-1A3956D46DE8}") = "src", "src", "{0A473E5F-67C4-4714-ADE7-3A9971C47208}"
EndProject
Project("{2150E333-8FDC-42A3-9474-1A3956D46DE8}") = "Solution Items", "Solution Items", "{C59B0623-A1B3-40CF-8BEE-C6B8D5EA0A9C}"
	ProjectSection(SolutionItems) = preProject
		.travis.yml = .travis.yml
		azure-pipelines.yml = azure-pipelines.yml
		README.md = README.md
	EndProjectSection
EndProject
Project("{9A19103F-16F7-4668-BE54-9A1E7A4F7556}") = "CosmosDbRepository.Sample", "samples\CosmosDbRepository.Sample\CosmosDbRepository.Sample.csproj", "{22952F0E-2F0F-4488-B608-38F3D9EF496C}"
EndProject
Project("{9A19103F-16F7-4668-BE54-9A1E7A4F7556}") = "CosmosDbRepository", "src\CosmosDbRepository\CosmosDbRepository.csproj", "{2979E08E-EAFE-4935-805B-C02F43BAF63A}"
EndProject
Project("{9A19103F-16F7-4668-BE54-9A1E7A4F7556}") = "CosmosDbRepository.Types", "src\CosmosDbRepository.Types\CosmosDbRepository.Types.csproj", "{FADE7E94-E056-41D2-960D-88138B758100}"
EndProject
Project("{2150E333-8FDC-42A3-9474-1A3956D46DE8}") = "test", "test", "{7AAE46A6-529D-44F3-8540-B42976F4521B}"
EndProject
Project("{9A19103F-16F7-4668-BE54-9A1E7A4F7556}") = "CosmosDbRepositoryTest", "test\CosmosDbRepositoryTest\CosmosDbRepositoryTest.csproj", "{87330539-1E91-459D-802A-5D6B705DADFD}"
EndProject
Global
	GlobalSection(SolutionConfigurationPlatforms) = preSolution
		Debug|Any CPU = Debug|Any CPU
		Release|Any CPU = Release|Any CPU
	EndGlobalSection
	GlobalSection(ProjectConfigurationPlatforms) = postSolution
		{22952F0E-2F0F-4488-B608-38F3D9EF496C}.Debug|Any CPU.ActiveCfg = Debug|Any CPU
		{22952F0E-2F0F-4488-B608-38F3D9EF496C}.Debug|Any CPU.Build.0 = Debug|Any CPU
		{22952F0E-2F0F-4488-B608-38F3D9EF496C}.Release|Any CPU.ActiveCfg = Release|Any CPU
		{22952F0E-2F0F-4488-B608-38F3D9EF496C}.Release|Any CPU.Build.0 = Release|Any CPU
		{2979E08E-EAFE-4935-805B-C02F43BAF63A}.Debug|Any CPU.ActiveCfg = Debug|Any CPU
		{2979E08E-EAFE-4935-805B-C02F43BAF63A}.Debug|Any CPU.Build.0 = Debug|Any CPU
		{2979E08E-EAFE-4935-805B-C02F43BAF63A}.Release|Any CPU.ActiveCfg = Release|Any CPU
		{2979E08E-EAFE-4935-805B-C02F43BAF63A}.Release|Any CPU.Build.0 = Release|Any CPU
		{FADE7E94-E056-41D2-960D-88138B758100}.Debug|Any CPU.ActiveCfg = Debug|Any CPU
		{FADE7E94-E056-41D2-960D-88138B758100}.Debug|Any CPU.Build.0 = Debug|Any CPU
		{FADE7E94-E056-41D2-960D-88138B758100}.Release|Any CPU.ActiveCfg = Release|Any CPU
		{FADE7E94-E056-41D2-960D-88138B758100}.Release|Any CPU.Build.0 = Release|Any CPU
		{87330539-1E91-459D-802A-5D6B705DADFD}.Debug|Any CPU.ActiveCfg = Debug|Any CPU
		{87330539-1E91-459D-802A-5D6B705DADFD}.Debug|Any CPU.Build.0 = Debug|Any CPU
		{87330539-1E91-459D-802A-5D6B705DADFD}.Release|Any CPU.ActiveCfg = Release|Any CPU
		{87330539-1E91-459D-802A-5D6B705DADFD}.Release|Any CPU.Build.0 = Release|Any CPU
	EndGlobalSection
	GlobalSection(SolutionProperties) = preSolution
		HideSolutionNode = FALSE
	EndGlobalSection
	GlobalSection(NestedProjects) = preSolution
		{22952F0E-2F0F-4488-B608-38F3D9EF496C} = {6E7F454E-7815-4FAA-AF68-BBB2B0B9E782}
		{2979E08E-EAFE-4935-805B-C02F43BAF63A} = {0A473E5F-67C4-4714-ADE7-3A9971C47208}
		{FADE7E94-E056-41D2-960D-88138B758100} = {0A473E5F-67C4-4714-ADE7-3A9971C47208}
		{87330539-1E91-459D-802A-5D6B705DADFD} = {7AAE46A6-529D-44F3-8540-B42976F4521B}
	EndGlobalSection
	GlobalSection(ExtensibilityGlobals) = postSolution
		SolutionGuid = {05306158-11FB-42B1-ACEA-A8FC92EF45A6}
	EndGlobalSection
EndGlobal
